
Microsoft Visual Studio Solution File, Format Version 12.00
# Visual Studio 14
VisualStudioVersion = 14.0.25420.1
MinimumVisualStudioVersion = 10.0.40219.1
Project("{2150E333-8FDC-42A3-9474-1A3956D46DE8}") = "Domain", "Domain", "{E333EA21-B6A4-4210-A2BE-5692816D1EF9}"
EndProject
Project("{FAE04EC0-301F-11D3-BF4B-00C04F79EFBC}") = "Darc.Domain", "Solutions\Darc.Domain\Darc.Domain.csproj", "{E034BE8B-3957-45AC-B63B-2485B02A501E}"
EndProject
Project("{2150E333-8FDC-42A3-9474-1A3956D46DE8}") = "Infrastructure", "Infrastructure", "{1CB4B74E-B279-418A-A180-11F5554836F9}"
EndProject
Project("{FAE04EC0-301F-11D3-BF4B-00C04F79EFBC}") = "Darc.Infrastructure", "Solutions\Darc.Infrastructure\Darc.Infrastructure.csproj", "{605E8A65-4870-41FD-AC67-0E06165104CC}"
EndProject
Project("{2150E333-8FDC-42A3-9474-1A3956D46DE8}") = "Presentation", "Presentation", "{159A6D97-AA80-4801-9679-5591E3C34948}"
EndProject
Project("{FAE04EC0-301F-11D3-BF4B-00C04F79EFBC}") = "Darc.Web.Common", "Solutions\Darc.Web.Common\Darc.Web.Common.csproj", "{00245CEC-2F95-435E-8FEC-C3DF9A4C1E64}"
EndProject
Project("{FAE04EC0-301F-11D3-BF4B-00C04F79EFBC}") = "Darc.Web.Controllers", "Solutions\Darc.Web.Controllers\Darc.Web.Controllers.csproj", "{1D7217F5-A0A2-4F2F-8C0A-24C5BF82911A}"
EndProject
Project("{FAE04EC0-301F-11D3-BF4B-00C04F79EFBC}") = "Darc.Web.Areas.Admin.Conrtollers", "Solutions\Darc.Web.Areas.Admin.Conrtollers\Darc.Web.Areas.Admin.Conrtollers.csproj", "{EF017214-86C2-4F41-B1B6-3372C908692A}"
EndProject
Project("{FAE04EC0-301F-11D3-BF4B-00C04F79EFBC}") = "Darc.Tests", "Solutions\Darc.Tests\Darc.Tests.csproj", "{5983ED14-B070-4734-AADA-C2203A0545CB}"
EndProject
Project("{2150E333-8FDC-42A3-9474-1A3956D46DE8}") = "Tasks", "Tasks", "{659BED43-297F-484A-A139-B3069FF90052}"
EndProject
Project("{2150E333-8FDC-42A3-9474-1A3956D46DE8}") = "Vender", "Vender", "{ECC220AF-4A50-440D-AE89-A3EC2F0FE03A}"
EndProject
Project("{FAE04EC0-301F-11D3-BF4B-00C04F79EFBC}") = "Dapper", "Solutions\ThirdParty\Dapper\Dapper.csproj", "{B5EE3F68-7E7B-43CD-9997-F0A906F2173E}"
EndProject
Project("{FAE04EC0-301F-11D3-BF4B-00C04F79EFBC}") = "Darc.Dapper", "Solutions\ThirdParty\Darc.Dapper\Darc.Dapper.csproj", "{87AC7B72-44A8-4B1B-A96D-6217E757AAFB}"
EndProject
Project("{FAE04EC0-301F-11D3-BF4B-00C04F79EFBC}") = "Darc.Web", "Solutions\Darc.Web\Darc.Web.csproj", "{E8B8EB7C-A068-4E4C-A177-76BDAEBC67E1}"
EndProject
Project("{FAE04EC0-301F-11D3-BF4B-00C04F79EFBC}") = "Darc.Core", "Solutions\ThirdParty\Darc.Core\Darc.Core.csproj", "{E8F8C960-51B2-4DB2-B166-000F064EB325}"
EndProject
Project("{FAE04EC0-301F-11D3-BF4B-00C04F79EFBC}") = "Darc.Commands", "Solutions\Darc.Commands\Darc.Commands.csproj", "{B3B434C0-E0E8-4EC6-9173-28A7CBA29FCB}"
EndProject
Project("{FAE04EC0-301F-11D3-BF4B-00C04F79EFBC}") = "Darc.Queries", "Solutions\Darc.Queries\Darc.Queries.csproj", "{E4271A3F-C78A-450B-BF41-B01AA70F1965}"
EndProject
Global
	GlobalSection(SolutionConfigurationPlatforms) = preSolution
		Debug|Any CPU = Debug|Any CPU
		Release|Any CPU = Release|Any CPU
	EndGlobalSection
	GlobalSection(ProjectConfigurationPlatforms) = postSolution
		{E034BE8B-3957-45AC-B63B-2485B02A501E}.Debug|Any CPU.ActiveCfg = Debug|Any CPU
		{E034BE8B-3957-45AC-B63B-2485B02A501E}.Debug|Any CPU.Build.0 = Debug|Any CPU
		{E034BE8B-3957-45AC-B63B-2485B02A501E}.Release|Any CPU.ActiveCfg = Release|Any CPU
		{E034BE8B-3957-45AC-B63B-2485B02A501E}.Release|Any CPU.Build.0 = Release|Any CPU
		{605E8A65-4870-41FD-AC67-0E06165104CC}.Debug|Any CPU.ActiveCfg = Debug|Any CPU
		{605E8A65-4870-41FD-AC67-0E06165104CC}.Debug|Any CPU.Build.0 = Debug|Any CPU
		{605E8A65-4870-41FD-AC67-0E06165104CC}.Release|Any CPU.ActiveCfg = Release|Any CPU
		{605E8A65-4870-41FD-AC67-0E06165104CC}.Release|Any CPU.Build.0 = Release|Any CPU
		{00245CEC-2F95-435E-8FEC-C3DF9A4C1E64}.Debug|Any CPU.ActiveCfg = Debug|Any CPU
		{00245CEC-2F95-435E-8FEC-C3DF9A4C1E64}.Debug|Any CPU.Build.0 = Debug|Any CPU
		{00245CEC-2F95-435E-8FEC-C3DF9A4C1E64}.Release|Any CPU.ActiveCfg = Release|Any CPU
		{00245CEC-2F95-435E-8FEC-C3DF9A4C1E64}.Release|Any CPU.Build.0 = Release|Any CPU
		{1D7217F5-A0A2-4F2F-8C0A-24C5BF82911A}.Debug|Any CPU.ActiveCfg = Debug|Any CPU
		{1D7217F5-A0A2-4F2F-8C0A-24C5BF82911A}.Debug|Any CPU.Build.0 = Debug|Any CPU
		{1D7217F5-A0A2-4F2F-8C0A-24C5BF82911A}.Release|Any CPU.ActiveCfg = Release|Any CPU
		{1D7217F5-A0A2-4F2F-8C0A-24C5BF82911A}.Release|Any CPU.Build.0 = Release|Any CPU
		{EF017214-86C2-4F41-B1B6-3372C908692A}.Debug|Any CPU.ActiveCfg = Debug|Any CPU
		{EF017214-86C2-4F41-B1B6-3372C908692A}.Debug|Any CPU.Build.0 = Debug|Any CPU
		{EF017214-86C2-4F41-B1B6-3372C908692A}.Release|Any CPU.ActiveCfg = Release|Any CPU
		{EF017214-86C2-4F41-B1B6-3372C908692A}.Release|Any CPU.Build.0 = Release|Any CPU
		{5983ED14-B070-4734-AADA-C2203A0545CB}.Debug|Any CPU.ActiveCfg = Debug|Any CPU
		{5983ED14-B070-4734-AADA-C2203A0545CB}.Debug|Any CPU.Build.0 = Debug|Any CPU
		{5983ED14-B070-4734-AADA-C2203A0545CB}.Release|Any CPU.ActiveCfg = Release|Any CPU
		{5983ED14-B070-4734-AADA-C2203A0545CB}.Release|Any CPU.Build.0 = Release|Any CPU
		{B5EE3F68-7E7B-43CD-9997-F0A906F2173E}.Debug|Any CPU.ActiveCfg = Debug|Any CPU
		{B5EE3F68-7E7B-43CD-9997-F0A906F2173E}.Debug|Any CPU.Build.0 = Debug|Any CPU
		{B5EE3F68-7E7B-43CD-9997-F0A906F2173E}.Release|Any CPU.ActiveCfg = Release|Any CPU
		{B5EE3F68-7E7B-43CD-9997-F0A906F2173E}.Release|Any CPU.Build.0 = Release|Any CPU
		{87AC7B72-44A8-4B1B-A96D-6217E757AAFB}.Debug|Any CPU.ActiveCfg = Debug|Any CPU
		{87AC7B72-44A8-4B1B-A96D-6217E757AAFB}.Debug|Any CPU.Build.0 = Debug|Any CPU
		{87AC7B72-44A8-4B1B-A96D-6217E757AAFB}.Release|Any CPU.ActiveCfg = Release|Any CPU
		{87AC7B72-44A8-4B1B-A96D-6217E757AAFB}.Release|Any CPU.Build.0 = Release|Any CPU
		{E8B8EB7C-A068-4E4C-A177-76BDAEBC67E1}.Debug|Any CPU.ActiveCfg = Debug|Any CPU
		{E8B8EB7C-A068-4E4C-A177-76BDAEBC67E1}.Debug|Any CPU.Build.0 = Debug|Any CPU
		{E8B8EB7C-A068-4E4C-A177-76BDAEBC67E1}.Release|Any CPU.ActiveCfg = Release|Any CPU
		{E8B8EB7C-A068-4E4C-A177-76BDAEBC67E1}.Release|Any CPU.Build.0 = Release|Any CPU
		{E8F8C960-51B2-4DB2-B166-000F064EB325}.Debug|Any CPU.ActiveCfg = Debug|Any CPU
		{E8F8C960-51B2-4DB2-B166-000F064EB325}.Debug|Any CPU.Build.0 = Debug|Any CPU
		{E8F8C960-51B2-4DB2-B166-000F064EB325}.Release|Any CPU.ActiveCfg = Release|Any CPU
		{E8F8C960-51B2-4DB2-B166-000F064EB325}.Release|Any CPU.Build.0 = Release|Any CPU
		{B3B434C0-E0E8-4EC6-9173-28A7CBA29FCB}.Debug|Any CPU.ActiveCfg = Debug|Any CPU
		{B3B434C0-E0E8-4EC6-9173-28A7CBA29FCB}.Debug|Any CPU.Build.0 = Debug|Any CPU
		{B3B434C0-E0E8-4EC6-9173-28A7CBA29FCB}.Release|Any CPU.ActiveCfg = Release|Any CPU
		{B3B434C0-E0E8-4EC6-9173-28A7CBA29FCB}.Release|Any CPU.Build.0 = Release|Any CPU
		{E4271A3F-C78A-450B-BF41-B01AA70F1965}.Debug|Any CPU.ActiveCfg = Debug|Any CPU
		{E4271A3F-C78A-450B-BF41-B01AA70F1965}.Debug|Any CPU.Build.0 = Debug|Any CPU
		{E4271A3F-C78A-450B-BF41-B01AA70F1965}.Release|Any CPU.ActiveCfg = Release|Any CPU
		{E4271A3F-C78A-450B-BF41-B01AA70F1965}.Release|Any CPU.Build.0 = Release|Any CPU
	EndGlobalSection
	GlobalSection(SolutionProperties) = preSolution
		HideSolutionNode = FALSE
	EndGlobalSection
	GlobalSection(NestedProjects) = preSolution
		{E034BE8B-3957-45AC-B63B-2485B02A501E} = {E333EA21-B6A4-4210-A2BE-5692816D1EF9}
		{605E8A65-4870-41FD-AC67-0E06165104CC} = {1CB4B74E-B279-418A-A180-11F5554836F9}
		{00245CEC-2F95-435E-8FEC-C3DF9A4C1E64} = {159A6D97-AA80-4801-9679-5591E3C34948}
		{1D7217F5-A0A2-4F2F-8C0A-24C5BF82911A} = {159A6D97-AA80-4801-9679-5591E3C34948}
		{EF017214-86C2-4F41-B1B6-3372C908692A} = {159A6D97-AA80-4801-9679-5591E3C34948}
		{5983ED14-B070-4734-AADA-C2203A0545CB} = {159A6D97-AA80-4801-9679-5591E3C34948}
		{B5EE3F68-7E7B-43CD-9997-F0A906F2173E} = {ECC220AF-4A50-440D-AE89-A3EC2F0FE03A}
		{87AC7B72-44A8-4B1B-A96D-6217E757AAFB} = {ECC220AF-4A50-440D-AE89-A3EC2F0FE03A}
		{E8B8EB7C-A068-4E4C-A177-76BDAEBC67E1} = {159A6D97-AA80-4801-9679-5591E3C34948}
		{E8F8C960-51B2-4DB2-B166-000F064EB325} = {ECC220AF-4A50-440D-AE89-A3EC2F0FE03A}
		{B3B434C0-E0E8-4EC6-9173-28A7CBA29FCB} = {659BED43-297F-484A-A139-B3069FF90052}
		{E4271A3F-C78A-450B-BF41-B01AA70F1965} = {659BED43-297F-484A-A139-B3069FF90052}
	EndGlobalSection
EndGlobal
