
Microsoft Visual Studio Solution File, Format Version 12.00
# Visual Studio 2012
Project("{2150E333-8FDC-42A3-9474-1A3956D46DE8}") = "Domain", "Domain", "{E333EA21-B6A4-4210-A2BE-5692816D1EF9}"
EndProject
Project("{FAE04EC0-301F-11D3-BF4B-00C04F79EFBC}") = "SharpStrc.Domain", "Solutions\SharpStrc.Domain\SharpStrc.Domain.csproj", "{E034BE8B-3957-45AC-B63B-2485B02A501E}"
EndProject
Project("{2150E333-8FDC-42A3-9474-1A3956D46DE8}") = "Framework", "Framework", "{AC8EA19F-3A2F-4077-AED7-2795FC62129E}"
EndProject
Project("{FAE04EC0-301F-11D3-BF4B-00C04F79EFBC}") = "SharpStrc.Framework", "Solutions\SharpStrc.Framework\SharpStrc.Framework.csproj", "{38970678-4D76-46E2-A85B-75C22EA5E5F8}"
EndProject
Project("{2150E333-8FDC-42A3-9474-1A3956D46DE8}") = "Infrastructure", "Infrastructure", "{1CB4B74E-B279-418A-A180-11F5554836F9}"
EndProject
Project("{FAE04EC0-301F-11D3-BF4B-00C04F79EFBC}") = "SharpStrc.Infrastructure", "Solutions\SharpStrc.Infrastructure\SharpStrc.Infrastructure.csproj", "{605E8A65-4870-41FD-AC67-0E06165104CC}"
EndProject
Project("{2150E333-8FDC-42A3-9474-1A3956D46DE8}") = "Presentation", "Presentation", "{159A6D97-AA80-4801-9679-5591E3C34948}"
EndProject
Project("{FAE04EC0-301F-11D3-BF4B-00C04F79EFBC}") = "SharpStrc.Web.Common", "Solutions\SharpStrc.Web.Common\SharpStrc.Web.Common.csproj", "{00245CEC-2F95-435E-8FEC-C3DF9A4C1E64}"
EndProject
Project("{FAE04EC0-301F-11D3-BF4B-00C04F79EFBC}") = "SharpStrc.Web.Controllers", "Solutions\SharpStrc.Web.Controllers\SharpStrc.Web.Controllers.csproj", "{1D7217F5-A0A2-4F2F-8C0A-24C5BF82911A}"
EndProject
Project("{FAE04EC0-301F-11D3-BF4B-00C04F79EFBC}") = "SharpStrc.Web.Areas.Admin.Conrtollers", "Solutions\SharpStrc.Web.Areas.Admin.Conrtollers\SharpStrc.Web.Areas.Admin.Conrtollers.csproj", "{EF017214-86C2-4F41-B1B6-3372C908692A}"
EndProject
Project("{FAE04EC0-301F-11D3-BF4B-00C04F79EFBC}") = "SharpStrc.Web", "Solutions\SharpStrc.Web\SharpStrc.Web.csproj", "{ECA69533-AED6-4750-B514-70DC69FB397D}"
EndProject
Project("{2150E333-8FDC-42A3-9474-1A3956D46DE8}") = "Specs", "Specs", "{A6FF9A87-AEF4-4BC8-B4BF-1D5E3D66407A}"
EndProject
Project("{FAE04EC0-301F-11D3-BF4B-00C04F79EFBC}") = "SharpStrc.Tests", "Solutions\SharpStrc.Tests\SharpStrc.Tests.csproj", "{5983ED14-B070-4734-AADA-C2203A0545CB}"
EndProject
Project("{2150E333-8FDC-42A3-9474-1A3956D46DE8}") = "Tasks", "Tasks", "{659BED43-297F-484A-A139-B3069FF90052}"
EndProject
Project("{FAE04EC0-301F-11D3-BF4B-00C04F79EFBC}") = "SharpStrc.Tasks", "Solutions\SharpStrc.Tasks\SharpStrc.Tasks.csproj", "{B3B434C0-E0E8-4EC6-9173-28A7CBA29FCB}"
EndProject
Project("{2150E333-8FDC-42A3-9474-1A3956D46DE8}") = "ThirdParty", "ThirdParty", "{ECC220AF-4A50-440D-AE89-A3EC2F0FE03A}"
EndProject
Project("{FAE04EC0-301F-11D3-BF4B-00C04F79EFBC}") = "Dapper", "Solutions\ThirdParty\Dapper\Dapper.csproj", "{B5EE3F68-7E7B-43CD-9997-F0A906F2173E}"
EndProject
Project("{FAE04EC0-301F-11D3-BF4B-00C04F79EFBC}") = "Darc.Dapper", "Solutions\ThirdParty\Darc.Dapper\Darc.Dapper.csproj", "{87AC7B72-44A8-4B1B-A96D-6217E757AAFB}"
EndProject
Global
	GlobalSection(SolutionConfigurationPlatforms) = preSolution
		Debug|Any CPU = Debug|Any CPU
		Release|Any CPU = Release|Any CPU
	EndGlobalSection
	GlobalSection(ProjectConfigurationPlatforms) = postSolution
		{E034BE8B-3957-45AC-B63B-2485B02A501E}.Debug|Any CPU.ActiveCfg = Debug|Any CPU
		{E034BE8B-3957-45AC-B63B-2485B02A501E}.Debug|Any CPU.Build.0 = Debug|Any CPU
		{E034BE8B-3957-45AC-B63B-2485B02A501E}.Release|Any CPU.ActiveCfg = Release|Any CPU
		{E034BE8B-3957-45AC-B63B-2485B02A501E}.Release|Any CPU.Build.0 = Release|Any CPU
		{38970678-4D76-46E2-A85B-75C22EA5E5F8}.Debug|Any CPU.ActiveCfg = Debug|Any CPU
		{38970678-4D76-46E2-A85B-75C22EA5E5F8}.Debug|Any CPU.Build.0 = Debug|Any CPU
		{38970678-4D76-46E2-A85B-75C22EA5E5F8}.Release|Any CPU.ActiveCfg = Release|Any CPU
		{38970678-4D76-46E2-A85B-75C22EA5E5F8}.Release|Any CPU.Build.0 = Release|Any CPU
		{605E8A65-4870-41FD-AC67-0E06165104CC}.Debug|Any CPU.ActiveCfg = Debug|Any CPU
		{605E8A65-4870-41FD-AC67-0E06165104CC}.Debug|Any CPU.Build.0 = Debug|Any CPU
		{605E8A65-4870-41FD-AC67-0E06165104CC}.Release|Any CPU.ActiveCfg = Release|Any CPU
		{605E8A65-4870-41FD-AC67-0E06165104CC}.Release|Any CPU.Build.0 = Release|Any CPU
		{00245CEC-2F95-435E-8FEC-C3DF9A4C1E64}.Debug|Any CPU.ActiveCfg = Debug|Any CPU
		{00245CEC-2F95-435E-8FEC-C3DF9A4C1E64}.Debug|Any CPU.Build.0 = Debug|Any CPU
		{00245CEC-2F95-435E-8FEC-C3DF9A4C1E64}.Release|Any CPU.ActiveCfg = Release|Any CPU
		{00245CEC-2F95-435E-8FEC-C3DF9A4C1E64}.Release|Any CPU.Build.0 = Release|Any CPU
		{1D7217F5-A0A2-4F2F-8C0A-24C5BF82911A}.Debug|Any CPU.ActiveCfg = Debug|Any CPU
		{1D7217F5-A0A2-4F2F-8C0A-24C5BF82911A}.Debug|Any CPU.Build.0 = Debug|Any CPU
		{1D7217F5-A0A2-4F2F-8C0A-24C5BF82911A}.Release|Any CPU.ActiveCfg = Release|Any CPU
		{1D7217F5-A0A2-4F2F-8C0A-24C5BF82911A}.Release|Any CPU.Build.0 = Release|Any CPU
		{EF017214-86C2-4F41-B1B6-3372C908692A}.Debug|Any CPU.ActiveCfg = Debug|Any CPU
		{EF017214-86C2-4F41-B1B6-3372C908692A}.Debug|Any CPU.Build.0 = Debug|Any CPU
		{EF017214-86C2-4F41-B1B6-3372C908692A}.Release|Any CPU.ActiveCfg = Release|Any CPU
		{EF017214-86C2-4F41-B1B6-3372C908692A}.Release|Any CPU.Build.0 = Release|Any CPU
		{ECA69533-AED6-4750-B514-70DC69FB397D}.Debug|Any CPU.ActiveCfg = Debug|Any CPU
		{ECA69533-AED6-4750-B514-70DC69FB397D}.Debug|Any CPU.Build.0 = Debug|Any CPU
		{ECA69533-AED6-4750-B514-70DC69FB397D}.Release|Any CPU.ActiveCfg = Release|Any CPU
		{ECA69533-AED6-4750-B514-70DC69FB397D}.Release|Any CPU.Build.0 = Release|Any CPU
		{5983ED14-B070-4734-AADA-C2203A0545CB}.Debug|Any CPU.ActiveCfg = Debug|Any CPU
		{5983ED14-B070-4734-AADA-C2203A0545CB}.Debug|Any CPU.Build.0 = Debug|Any CPU
		{5983ED14-B070-4734-AADA-C2203A0545CB}.Release|Any CPU.ActiveCfg = Release|Any CPU
		{5983ED14-B070-4734-AADA-C2203A0545CB}.Release|Any CPU.Build.0 = Release|Any CPU
		{B3B434C0-E0E8-4EC6-9173-28A7CBA29FCB}.Debug|Any CPU.ActiveCfg = Debug|Any CPU
		{B3B434C0-E0E8-4EC6-9173-28A7CBA29FCB}.Debug|Any CPU.Build.0 = Debug|Any CPU
		{B3B434C0-E0E8-4EC6-9173-28A7CBA29FCB}.Release|Any CPU.ActiveCfg = Release|Any CPU
		{B3B434C0-E0E8-4EC6-9173-28A7CBA29FCB}.Release|Any CPU.Build.0 = Release|Any CPU
		{B5EE3F68-7E7B-43CD-9997-F0A906F2173E}.Debug|Any CPU.ActiveCfg = Debug|Any CPU
		{B5EE3F68-7E7B-43CD-9997-F0A906F2173E}.Debug|Any CPU.Build.0 = Debug|Any CPU
		{B5EE3F68-7E7B-43CD-9997-F0A906F2173E}.Release|Any CPU.ActiveCfg = Release|Any CPU
		{B5EE3F68-7E7B-43CD-9997-F0A906F2173E}.Release|Any CPU.Build.0 = Release|Any CPU
		{87AC7B72-44A8-4B1B-A96D-6217E757AAFB}.Debug|Any CPU.ActiveCfg = Debug|Any CPU
		{87AC7B72-44A8-4B1B-A96D-6217E757AAFB}.Debug|Any CPU.Build.0 = Debug|Any CPU
		{87AC7B72-44A8-4B1B-A96D-6217E757AAFB}.Release|Any CPU.ActiveCfg = Release|Any CPU
		{87AC7B72-44A8-4B1B-A96D-6217E757AAFB}.Release|Any CPU.Build.0 = Release|Any CPU
	EndGlobalSection
	GlobalSection(SolutionProperties) = preSolution
		HideSolutionNode = FALSE
	EndGlobalSection
	GlobalSection(NestedProjects) = preSolution
		{E034BE8B-3957-45AC-B63B-2485B02A501E} = {E333EA21-B6A4-4210-A2BE-5692816D1EF9}
		{38970678-4D76-46E2-A85B-75C22EA5E5F8} = {AC8EA19F-3A2F-4077-AED7-2795FC62129E}
		{605E8A65-4870-41FD-AC67-0E06165104CC} = {1CB4B74E-B279-418A-A180-11F5554836F9}
		{00245CEC-2F95-435E-8FEC-C3DF9A4C1E64} = {159A6D97-AA80-4801-9679-5591E3C34948}
		{1D7217F5-A0A2-4F2F-8C0A-24C5BF82911A} = {159A6D97-AA80-4801-9679-5591E3C34948}
		{EF017214-86C2-4F41-B1B6-3372C908692A} = {159A6D97-AA80-4801-9679-5591E3C34948}
		{ECA69533-AED6-4750-B514-70DC69FB397D} = {159A6D97-AA80-4801-9679-5591E3C34948}
		{5983ED14-B070-4734-AADA-C2203A0545CB} = {A6FF9A87-AEF4-4BC8-B4BF-1D5E3D66407A}
		{B3B434C0-E0E8-4EC6-9173-28A7CBA29FCB} = {659BED43-297F-484A-A139-B3069FF90052}
		{B5EE3F68-7E7B-43CD-9997-F0A906F2173E} = {ECC220AF-4A50-440D-AE89-A3EC2F0FE03A}
		{87AC7B72-44A8-4B1B-A96D-6217E757AAFB} = {ECC220AF-4A50-440D-AE89-A3EC2F0FE03A}
	EndGlobalSection
EndGlobal
